
Microsoft Visual Studio Solution File, Format Version 12.00
# Visual Studio Version 17
VisualStudioVersion = 17.0.31903.59
MinimumVisualStudioVersion = 10.0.40219.1
Project("{FAE04EC0-301F-11D3-BF4B-00C04F79EFBC}") = "SecretSeeder", "SecretSeeder\SecretSeeder.csproj", "{19A9FCE3-BAF9-4049-AE52-670C02E471AA}"
EndProject
Project("{FAE04EC0-301F-11D3-BF4B-00C04F79EFBC}") = "Tests", "Tests\Tests.csproj", "{51FA0FB1-3697-4C96-86E5-93F292623164}"
EndProject
Project("{FAE04EC0-301F-11D3-BF4B-00C04F79EFBC}") = "DbApp", "DbApp\DbApp.csproj", "{9DAF070E-E376-413D-85CC-A46AF31C86DA}"
EndProject
Global
	GlobalSection(SolutionConfigurationPlatforms) = preSolution
		Debug|Any CPU = Debug|Any CPU
		Release|Any CPU = Release|Any CPU
	EndGlobalSection
	GlobalSection(SolutionProperties) = preSolution
		HideSolutionNode = FALSE
	EndGlobalSection
	GlobalSection(ProjectConfigurationPlatforms) = postSolution
		{19A9FCE3-BAF9-4049-AE52-670C02E471AA}.Debug|Any CPU.ActiveCfg = Debug|Any CPU
		{19A9FCE3-BAF9-4049-AE52-670C02E471AA}.Debug|Any CPU.Build.0 = Debug|Any CPU
		{19A9FCE3-BAF9-4049-AE52-670C02E471AA}.Release|Any CPU.ActiveCfg = Release|Any CPU
		{19A9FCE3-BAF9-4049-AE52-670C02E471AA}.Release|Any CPU.Build.0 = Release|Any CPU
		{51FA0FB1-3697-4C96-86E5-93F292623164}.Debug|Any CPU.ActiveCfg = Debug|Any CPU
		{51FA0FB1-3697-4C96-86E5-93F292623164}.Debug|Any CPU.Build.0 = Debug|Any CPU
		{51FA0FB1-3697-4C96-86E5-93F292623164}.Release|Any CPU.ActiveCfg = Release|Any CPU
		{51FA0FB1-3697-4C96-86E5-93F292623164}.Release|Any CPU.Build.0 = Release|Any CPU
		{9DAF070E-E376-413D-85CC-A46AF31C86DA}.Debug|Any CPU.ActiveCfg = Debug|Any CPU
		{9DAF070E-E376-413D-85CC-A46AF31C86DA}.Debug|Any CPU.Build.0 = Debug|Any CPU
		{9DAF070E-E376-413D-85CC-A46AF31C86DA}.Release|Any CPU.ActiveCfg = Release|Any CPU
		{9DAF070E-E376-413D-85CC-A46AF31C86DA}.Release|Any CPU.Build.0 = Release|Any CPU
	EndGlobalSection
EndGlobal
